
Microsoft Visual Studio Solution File, Format Version 12.00
# Visual Studio Version 16
VisualStudioVersion = 16.0.30509.190
MinimumVisualStudioVersion = 10.0.40219.1
Project("{9A19103F-16F7-4668-BE54-9A1E7A4F7556}") = "SW.InfolinkAdapters.Common", "SW.InfolinkAdapters.Common\SW.InfolinkAdapters.Common.csproj", "{825FC251-C152-4D2F-9C8B-29FB6EF0D29B}"
EndProject
Project("{2150E333-8FDC-42A3-9474-1A3956D46DE8}") = "Common", "Common", "{310BF826-E124-4BAD-872C-A3C7615DC647}"
EndProject
Project("{9A19103F-16F7-4668-BE54-9A1E7A4F7556}") = "SW.InfolinkAdapters.Handlers.AzureBlob", "SW.InfolinkAdapters.Handlers.AzureBlob\SW.InfolinkAdapters.Handlers.AzureBlob.csproj", "{42210EB9-10A3-4EB9-B0EF-AE4EB0587C37}"
EndProject
Project("{9A19103F-16F7-4668-BE54-9A1E7A4F7556}") = "SW.InfolinkAdapters.Handlers.AzureBlob.UnitTests", "SW.InfolinkAdapters.Handlers.AzureBlob.UnitTests\SW.InfolinkAdapters.Handlers.AzureBlob.UnitTests.csproj", "{0B8A1B34-1604-4B4E-9F8F-FBB265AFD285}"
EndProject
Project("{9A19103F-16F7-4668-BE54-9A1E7A4F7556}") = "SW.InfolinkAdapters.Handlers.Http", "SW.InfolinkAdapters.Handlers.Http\SW.InfolinkAdapters.Handlers.Http.csproj", "{AB9444C4-4589-4B75-890E-B7C35A8E52FF}"
EndProject
Project("{9A19103F-16F7-4668-BE54-9A1E7A4F7556}") = "SW.InfolinkAdapters.Handlers.Http.UnitTests", "SW.InfolinkAdapters.Handlers.Http.UnitTests\SW.InfolinkAdapters.Handlers.Http.UnitTests.csproj", "{2C5CEC07-D137-4954-A9FE-EB80546D3D2A}"
EndProject
Project("{2150E333-8FDC-42A3-9474-1A3956D46DE8}") = "Handlers", "Handlers", "{CE6E2ACC-A062-421A-B066-9020B2486E1E}"
EndProject
Project("{2150E333-8FDC-42A3-9474-1A3956D46DE8}") = "Receivers", "Receivers", "{6578BC40-6098-449D-B40F-83F4B7522D32}"
EndProject
Project("{2150E333-8FDC-42A3-9474-1A3956D46DE8}") = "Mappers", "Mappers", "{2A54E543-6903-4E9A-955D-204CF2B7E64F}"
EndProject
Project("{9A19103F-16F7-4668-BE54-9A1E7A4F7556}") = "SW.InfolinkAdapters.Mappers.JsonToDelimited", "SW.InfolinkAdapters.Mappers.JsonToDelimited\SW.InfolinkAdapters.Mappers.JsonToDelimited.csproj", "{AB899F6D-592C-449C-92B6-9449929B4FC5}"
EndProject
Project("{9A19103F-16F7-4668-BE54-9A1E7A4F7556}") = "SW.InfolinkAdapters.Mappers.JsonToDelimited.UnitTests", "SW.InfolinkAdapters.Mappers.JsonToDelimited.UnitTests\SW.InfolinkAdapters.Mappers.JsonToDelimited.UnitTests.csproj", "{9ADE38DA-E761-40BA-9A3A-A28AADC87C5B}"
EndProject
Project("{9A19103F-16F7-4668-BE54-9A1E7A4F7556}") = "SW.InfolinkAdapters.Handlers.S3", "SW.InfolinkAdapters.Handlers.S3\SW.InfolinkAdapters.Handlers.S3.csproj", "{03347458-D414-482A-89D6-53BA7CCB82B3}"
EndProject
Project("{9A19103F-16F7-4668-BE54-9A1E7A4F7556}") = "SW.InfolinkAdapters.Handlers.S3.UnitTests", "SW.InfolinkAdapters.Handlers.S3.UnitTests\SW.InfolinkAdapters.Handlers.S3.UnitTests.csproj", "{2D7BE140-BFD9-41B2-A677-30D8F1D88CC6}"
EndProject
Project("{9A19103F-16F7-4668-BE54-9A1E7A4F7556}") = "SW.InfolinkAdapters.Receivers.AzureBlob", "SW.InfolinkAdapters.Receivers.AzureBlob\SW.InfolinkAdapters.Receivers.AzureBlob.csproj", "{61C1E257-39F1-465B-89D8-7EF2F41ABDDF}"
EndProject
Project("{9A19103F-16F7-4668-BE54-9A1E7A4F7556}") = "SW.InfolinkAdapters.Receivers.AzureBlob.UnitTests", "SW.InfolinkAdapters.Receivers.AzureBlob.UnitTests\SW.InfolinkAdapters.Receivers.AzureBlob.UnitTests.csproj", "{F4A7725D-D363-4BC8-9EEC-772C5C727831}"
EndProject
Project("{9A19103F-16F7-4668-BE54-9A1E7A4F7556}") = "SW.InfolinkAdapters.Mappers.Liquid", "SW.InfolinkAdapters.Mappers.Liquid\SW.InfolinkAdapters.Mappers.Liquid.csproj", "{4D651001-DF8E-4FE6-879C-CC3F44090E03}"
EndProject
Project("{9A19103F-16F7-4668-BE54-9A1E7A4F7556}") = "SW.InfolinkAdapters.Mappers.Liquid.UnitTests", "SW.InfolinkAdapters.Mappers.Liquid.UnitTests\SW.InfolinkAdapters.Mappers.Liquid.UnitTests.csproj", "{22D91725-DB25-4625-AE5B-7B2D09DD91C1}"
EndProject
Project("{9A19103F-16F7-4668-BE54-9A1E7A4F7556}") = "SW.InfolinkAdapters.Receivers.Ftp", "SW.InfolinkAdapters.Receivers.Ftp\SW.InfolinkAdapters.Receivers.Ftp.csproj", "{B30ABC5B-6E54-430E-8009-E08AA9CCBC21}"
EndProject
Project("{9A19103F-16F7-4668-BE54-9A1E7A4F7556}") = "SW.InfolinkAdapters.Handlers.Ftp", "SW.InfolinkAdapters.Handlers.Ftp\SW.InfolinkAdapters.Handlers.Ftp.csproj", "{FB179363-4CEF-4E0F-9100-1E0FAB036A23}"
EndProject
Project("{FAE04EC0-301F-11D3-BF4B-00C04F79EFBC}") = "SW.InfolinkAdapters.Receivers.Pop3", "SW.InfolinkAdapters.Receivers.Pop3\SW.InfolinkAdapters.Receivers.Pop3.csproj", "{0951A08E-F2A7-49F8-84BE-DDF9A81099DC}"
EndProject
Project("{FAE04EC0-301F-11D3-BF4B-00C04F79EFBC}") = "SW.InfolinkAdapters.Receivers.Pop3.UnitTests", "SW.InfolinkAdapters.Receivers.Pop3.UnitTests\SW.InfolinkAdapters.Receivers.Pop3.UnitTests.csproj", "{29BC4A0F-221C-47D6-B90D-64262369F9BB}"
EndProject
Project("{FAE04EC0-301F-11D3-BF4B-00C04F79EFBC}") = "SW.InfolinkAdapters.Handlers.Mailgun", "SW.InfolinkAdapters.Handlers.Mailgun\SW.InfolinkAdapters.Handlers.Mailgun.csproj", "{EEF15107-8EE0-4161-963C-D51DA6B6D2DB}"
EndProject
Project("{FAE04EC0-301F-11D3-BF4B-00C04F79EFBC}") = "SW.InfolinkAdapters.Handlers.Sendgrid", "SW.InfolinkAdapters.Handlers.Sendgrid\SW.InfolinkAdapters.Handlers.Sendgrid.csproj", "{309974F6-E941-4F00-A46A-0D1808D7103E}"
EndProject
Project("{FAE04EC0-301F-11D3-BF4B-00C04F79EFBC}") = "SW.Infolink.Adapters.Handlers.Notifier.MsTeams", "SW.Infolink.Adapters.Handlers.Notifier.MsTeams\SW.Infolink.Adapters.Handlers.Notifier.MsTeams.csproj", "{1BB740DA-C873-4D60-82C3-D62BA580339F}"
EndProject
Project("{FAE04EC0-301F-11D3-BF4B-00C04F79EFBC}") = "SW.Infolink.Adapters.Handlers.Notifier.MsTeams.UnitTests", "SW.Infolink.Adapters.Handlers.Notifier.MsTeams.UnitTests\SW.Infolink.Adapters.Handlers.Notifier.MsTeams.UnitTests.csproj", "{DDA0E10B-99A9-444C-875D-E7F55F5BF3B7}"
EndProject
Global
	GlobalSection(SolutionConfigurationPlatforms) = preSolution
		Debug|Any CPU = Debug|Any CPU
		Release|Any CPU = Release|Any CPU
	EndGlobalSection
	GlobalSection(ProjectConfigurationPlatforms) = postSolution
		{825FC251-C152-4D2F-9C8B-29FB6EF0D29B}.Debug|Any CPU.ActiveCfg = Debug|Any CPU
		{825FC251-C152-4D2F-9C8B-29FB6EF0D29B}.Debug|Any CPU.Build.0 = Debug|Any CPU
		{825FC251-C152-4D2F-9C8B-29FB6EF0D29B}.Release|Any CPU.ActiveCfg = Release|Any CPU
		{825FC251-C152-4D2F-9C8B-29FB6EF0D29B}.Release|Any CPU.Build.0 = Release|Any CPU
		{42210EB9-10A3-4EB9-B0EF-AE4EB0587C37}.Debug|Any CPU.ActiveCfg = Debug|Any CPU
		{42210EB9-10A3-4EB9-B0EF-AE4EB0587C37}.Debug|Any CPU.Build.0 = Debug|Any CPU
		{42210EB9-10A3-4EB9-B0EF-AE4EB0587C37}.Release|Any CPU.ActiveCfg = Release|Any CPU
		{42210EB9-10A3-4EB9-B0EF-AE4EB0587C37}.Release|Any CPU.Build.0 = Release|Any CPU
		{0B8A1B34-1604-4B4E-9F8F-FBB265AFD285}.Debug|Any CPU.ActiveCfg = Debug|Any CPU
		{0B8A1B34-1604-4B4E-9F8F-FBB265AFD285}.Debug|Any CPU.Build.0 = Debug|Any CPU
		{0B8A1B34-1604-4B4E-9F8F-FBB265AFD285}.Release|Any CPU.ActiveCfg = Release|Any CPU
		{0B8A1B34-1604-4B4E-9F8F-FBB265AFD285}.Release|Any CPU.Build.0 = Release|Any CPU
		{AB9444C4-4589-4B75-890E-B7C35A8E52FF}.Debug|Any CPU.ActiveCfg = Debug|Any CPU
		{AB9444C4-4589-4B75-890E-B7C35A8E52FF}.Debug|Any CPU.Build.0 = Debug|Any CPU
		{AB9444C4-4589-4B75-890E-B7C35A8E52FF}.Release|Any CPU.ActiveCfg = Release|Any CPU
		{AB9444C4-4589-4B75-890E-B7C35A8E52FF}.Release|Any CPU.Build.0 = Release|Any CPU
		{2C5CEC07-D137-4954-A9FE-EB80546D3D2A}.Debug|Any CPU.ActiveCfg = Debug|Any CPU
		{2C5CEC07-D137-4954-A9FE-EB80546D3D2A}.Debug|Any CPU.Build.0 = Debug|Any CPU
		{2C5CEC07-D137-4954-A9FE-EB80546D3D2A}.Release|Any CPU.ActiveCfg = Release|Any CPU
		{2C5CEC07-D137-4954-A9FE-EB80546D3D2A}.Release|Any CPU.Build.0 = Release|Any CPU
		{AB899F6D-592C-449C-92B6-9449929B4FC5}.Debug|Any CPU.ActiveCfg = Debug|Any CPU
		{AB899F6D-592C-449C-92B6-9449929B4FC5}.Debug|Any CPU.Build.0 = Debug|Any CPU
		{AB899F6D-592C-449C-92B6-9449929B4FC5}.Release|Any CPU.ActiveCfg = Release|Any CPU
		{AB899F6D-592C-449C-92B6-9449929B4FC5}.Release|Any CPU.Build.0 = Release|Any CPU
		{9ADE38DA-E761-40BA-9A3A-A28AADC87C5B}.Debug|Any CPU.ActiveCfg = Debug|Any CPU
		{9ADE38DA-E761-40BA-9A3A-A28AADC87C5B}.Debug|Any CPU.Build.0 = Debug|Any CPU
		{9ADE38DA-E761-40BA-9A3A-A28AADC87C5B}.Release|Any CPU.ActiveCfg = Release|Any CPU
		{9ADE38DA-E761-40BA-9A3A-A28AADC87C5B}.Release|Any CPU.Build.0 = Release|Any CPU
		{03347458-D414-482A-89D6-53BA7CCB82B3}.Debug|Any CPU.ActiveCfg = Debug|Any CPU
		{03347458-D414-482A-89D6-53BA7CCB82B3}.Debug|Any CPU.Build.0 = Debug|Any CPU
		{03347458-D414-482A-89D6-53BA7CCB82B3}.Release|Any CPU.ActiveCfg = Release|Any CPU
		{03347458-D414-482A-89D6-53BA7CCB82B3}.Release|Any CPU.Build.0 = Release|Any CPU
		{2D7BE140-BFD9-41B2-A677-30D8F1D88CC6}.Debug|Any CPU.ActiveCfg = Debug|Any CPU
		{2D7BE140-BFD9-41B2-A677-30D8F1D88CC6}.Debug|Any CPU.Build.0 = Debug|Any CPU
		{2D7BE140-BFD9-41B2-A677-30D8F1D88CC6}.Release|Any CPU.ActiveCfg = Release|Any CPU
		{2D7BE140-BFD9-41B2-A677-30D8F1D88CC6}.Release|Any CPU.Build.0 = Release|Any CPU
		{61C1E257-39F1-465B-89D8-7EF2F41ABDDF}.Debug|Any CPU.ActiveCfg = Debug|Any CPU
		{61C1E257-39F1-465B-89D8-7EF2F41ABDDF}.Debug|Any CPU.Build.0 = Debug|Any CPU
		{61C1E257-39F1-465B-89D8-7EF2F41ABDDF}.Release|Any CPU.ActiveCfg = Release|Any CPU
		{61C1E257-39F1-465B-89D8-7EF2F41ABDDF}.Release|Any CPU.Build.0 = Release|Any CPU
		{F4A7725D-D363-4BC8-9EEC-772C5C727831}.Debug|Any CPU.ActiveCfg = Debug|Any CPU
		{F4A7725D-D363-4BC8-9EEC-772C5C727831}.Debug|Any CPU.Build.0 = Debug|Any CPU
		{F4A7725D-D363-4BC8-9EEC-772C5C727831}.Release|Any CPU.ActiveCfg = Release|Any CPU
		{F4A7725D-D363-4BC8-9EEC-772C5C727831}.Release|Any CPU.Build.0 = Release|Any CPU
		{4D651001-DF8E-4FE6-879C-CC3F44090E03}.Debug|Any CPU.ActiveCfg = Debug|Any CPU
		{4D651001-DF8E-4FE6-879C-CC3F44090E03}.Debug|Any CPU.Build.0 = Debug|Any CPU
		{4D651001-DF8E-4FE6-879C-CC3F44090E03}.Release|Any CPU.ActiveCfg = Release|Any CPU
		{4D651001-DF8E-4FE6-879C-CC3F44090E03}.Release|Any CPU.Build.0 = Release|Any CPU
		{22D91725-DB25-4625-AE5B-7B2D09DD91C1}.Debug|Any CPU.ActiveCfg = Debug|Any CPU
		{22D91725-DB25-4625-AE5B-7B2D09DD91C1}.Debug|Any CPU.Build.0 = Debug|Any CPU
		{22D91725-DB25-4625-AE5B-7B2D09DD91C1}.Release|Any CPU.ActiveCfg = Release|Any CPU
		{22D91725-DB25-4625-AE5B-7B2D09DD91C1}.Release|Any CPU.Build.0 = Release|Any CPU
		{B30ABC5B-6E54-430E-8009-E08AA9CCBC21}.Debug|Any CPU.ActiveCfg = Debug|Any CPU
		{B30ABC5B-6E54-430E-8009-E08AA9CCBC21}.Debug|Any CPU.Build.0 = Debug|Any CPU
		{B30ABC5B-6E54-430E-8009-E08AA9CCBC21}.Release|Any CPU.ActiveCfg = Release|Any CPU
		{B30ABC5B-6E54-430E-8009-E08AA9CCBC21}.Release|Any CPU.Build.0 = Release|Any CPU
		{FB179363-4CEF-4E0F-9100-1E0FAB036A23}.Debug|Any CPU.ActiveCfg = Debug|Any CPU
		{FB179363-4CEF-4E0F-9100-1E0FAB036A23}.Debug|Any CPU.Build.0 = Debug|Any CPU
		{FB179363-4CEF-4E0F-9100-1E0FAB036A23}.Release|Any CPU.ActiveCfg = Release|Any CPU
		{FB179363-4CEF-4E0F-9100-1E0FAB036A23}.Release|Any CPU.Build.0 = Release|Any CPU
		{0951A08E-F2A7-49F8-84BE-DDF9A81099DC}.Debug|Any CPU.ActiveCfg = Debug|Any CPU
		{0951A08E-F2A7-49F8-84BE-DDF9A81099DC}.Debug|Any CPU.Build.0 = Debug|Any CPU
		{0951A08E-F2A7-49F8-84BE-DDF9A81099DC}.Release|Any CPU.ActiveCfg = Release|Any CPU
		{0951A08E-F2A7-49F8-84BE-DDF9A81099DC}.Release|Any CPU.Build.0 = Release|Any CPU
		{29BC4A0F-221C-47D6-B90D-64262369F9BB}.Debug|Any CPU.ActiveCfg = Debug|Any CPU
		{29BC4A0F-221C-47D6-B90D-64262369F9BB}.Debug|Any CPU.Build.0 = Debug|Any CPU
		{29BC4A0F-221C-47D6-B90D-64262369F9BB}.Release|Any CPU.ActiveCfg = Release|Any CPU
		{29BC4A0F-221C-47D6-B90D-64262369F9BB}.Release|Any CPU.Build.0 = Release|Any CPU
		{EEF15107-8EE0-4161-963C-D51DA6B6D2DB}.Debug|Any CPU.ActiveCfg = Debug|Any CPU
		{EEF15107-8EE0-4161-963C-D51DA6B6D2DB}.Debug|Any CPU.Build.0 = Debug|Any CPU
		{EEF15107-8EE0-4161-963C-D51DA6B6D2DB}.Release|Any CPU.ActiveCfg = Release|Any CPU
		{EEF15107-8EE0-4161-963C-D51DA6B6D2DB}.Release|Any CPU.Build.0 = Release|Any CPU
		{309974F6-E941-4F00-A46A-0D1808D7103E}.Debug|Any CPU.ActiveCfg = Debug|Any CPU
		{309974F6-E941-4F00-A46A-0D1808D7103E}.Debug|Any CPU.Build.0 = Debug|Any CPU
		{309974F6-E941-4F00-A46A-0D1808D7103E}.Release|Any CPU.ActiveCfg = Release|Any CPU
		{309974F6-E941-4F00-A46A-0D1808D7103E}.Release|Any CPU.Build.0 = Release|Any CPU
		{1BB740DA-C873-4D60-82C3-D62BA580339F}.Debug|Any CPU.ActiveCfg = Debug|Any CPU
		{1BB740DA-C873-4D60-82C3-D62BA580339F}.Debug|Any CPU.Build.0 = Debug|Any CPU
		{1BB740DA-C873-4D60-82C3-D62BA580339F}.Release|Any CPU.ActiveCfg = Release|Any CPU
		{1BB740DA-C873-4D60-82C3-D62BA580339F}.Release|Any CPU.Build.0 = Release|Any CPU
		{DDA0E10B-99A9-444C-875D-E7F55F5BF3B7}.Debug|Any CPU.ActiveCfg = Debug|Any CPU
		{DDA0E10B-99A9-444C-875D-E7F55F5BF3B7}.Debug|Any CPU.Build.0 = Debug|Any CPU
		{DDA0E10B-99A9-444C-875D-E7F55F5BF3B7}.Release|Any CPU.ActiveCfg = Release|Any CPU
		{DDA0E10B-99A9-444C-875D-E7F55F5BF3B7}.Release|Any CPU.Build.0 = Release|Any CPU
	EndGlobalSection
	GlobalSection(SolutionProperties) = preSolution
		HideSolutionNode = FALSE
	EndGlobalSection
	GlobalSection(NestedProjects) = preSolution
		{825FC251-C152-4D2F-9C8B-29FB6EF0D29B} = {310BF826-E124-4BAD-872C-A3C7615DC647}
		{42210EB9-10A3-4EB9-B0EF-AE4EB0587C37} = {CE6E2ACC-A062-421A-B066-9020B2486E1E}
		{0B8A1B34-1604-4B4E-9F8F-FBB265AFD285} = {CE6E2ACC-A062-421A-B066-9020B2486E1E}
		{AB9444C4-4589-4B75-890E-B7C35A8E52FF} = {CE6E2ACC-A062-421A-B066-9020B2486E1E}
		{2C5CEC07-D137-4954-A9FE-EB80546D3D2A} = {CE6E2ACC-A062-421A-B066-9020B2486E1E}
		{AB899F6D-592C-449C-92B6-9449929B4FC5} = {2A54E543-6903-4E9A-955D-204CF2B7E64F}
		{9ADE38DA-E761-40BA-9A3A-A28AADC87C5B} = {2A54E543-6903-4E9A-955D-204CF2B7E64F}
		{03347458-D414-482A-89D6-53BA7CCB82B3} = {CE6E2ACC-A062-421A-B066-9020B2486E1E}
		{2D7BE140-BFD9-41B2-A677-30D8F1D88CC6} = {CE6E2ACC-A062-421A-B066-9020B2486E1E}
		{61C1E257-39F1-465B-89D8-7EF2F41ABDDF} = {6578BC40-6098-449D-B40F-83F4B7522D32}
		{F4A7725D-D363-4BC8-9EEC-772C5C727831} = {6578BC40-6098-449D-B40F-83F4B7522D32}
		{4D651001-DF8E-4FE6-879C-CC3F44090E03} = {2A54E543-6903-4E9A-955D-204CF2B7E64F}
		{22D91725-DB25-4625-AE5B-7B2D09DD91C1} = {2A54E543-6903-4E9A-955D-204CF2B7E64F}
		{B30ABC5B-6E54-430E-8009-E08AA9CCBC21} = {6578BC40-6098-449D-B40F-83F4B7522D32}
		{FB179363-4CEF-4E0F-9100-1E0FAB036A23} = {CE6E2ACC-A062-421A-B066-9020B2486E1E}
		{0951A08E-F2A7-49F8-84BE-DDF9A81099DC} = {6578BC40-6098-449D-B40F-83F4B7522D32}
		{29BC4A0F-221C-47D6-B90D-64262369F9BB} = {6578BC40-6098-449D-B40F-83F4B7522D32}
		{EEF15107-8EE0-4161-963C-D51DA6B6D2DB} = {CE6E2ACC-A062-421A-B066-9020B2486E1E}
		{309974F6-E941-4F00-A46A-0D1808D7103E} = {CE6E2ACC-A062-421A-B066-9020B2486E1E}
		{1BB740DA-C873-4D60-82C3-D62BA580339F} = {CE6E2ACC-A062-421A-B066-9020B2486E1E}
		{DDA0E10B-99A9-444C-875D-E7F55F5BF3B7} = {CE6E2ACC-A062-421A-B066-9020B2486E1E}
	EndGlobalSection
	GlobalSection(ExtensibilityGlobals) = postSolution
		SolutionGuid = {0190D17A-18D8-4A36-AA09-B479F944496E}
	EndGlobalSection
EndGlobal
